// !$*UTF8*$!
{
	archiveVersion = 1;
	classes = {
	};
	objectVersion = 48;
	objects = {

/* Begin PBXBuildFile section */
		24BE1032D592538A8330E303 /* Pods_InstagramClone.framework in Frameworks */ = {isa = PBXBuildFile; fileRef = 50F046CD206B435D30337F73 /* Pods_InstagramClone.framework */; };
		5F1E522921D76F4D001954B8 /* KILabel.m in Sources */ = {isa = PBXBuildFile; fileRef = 5F1E522821D76F4D001954B8 /* KILabel.m */; };
		5F1E522B21D76F8F001954B8 /* Start.storyboard in Resources */ = {isa = PBXBuildFile; fileRef = 5F1E522A21D76F8F001954B8 /* Start.storyboard */; };
		5F1E522D21D76FA4001954B8 /* Profile.storyboard in Resources */ = {isa = PBXBuildFile; fileRef = 5F1E522C21D76FA4001954B8 /* Profile.storyboard */; };
		5F1E522F21D76FC0001954B8 /* Activity.storyboard in Resources */ = {isa = PBXBuildFile; fileRef = 5F1E522E21D76FC0001954B8 /* Activity.storyboard */; };
		5F1E523121D76FDF001954B8 /* Camera.storyboard in Resources */ = {isa = PBXBuildFile; fileRef = 5F1E523021D76FDF001954B8 /* Camera.storyboard */; };
		5F1E523321D76FF0001954B8 /* Discover.storyboard in Resources */ = {isa = PBXBuildFile; fileRef = 5F1E523221D76FF0001954B8 /* Discover.storyboard */; };
		5F1E523521D7700B001954B8 /* Home.storyboard in Resources */ = {isa = PBXBuildFile; fileRef = 5F1E523421D7700B001954B8 /* Home.storyboard */; };
		5F1E524621D7712A001954B8 /* HashTagViewController.swift in Sources */ = {isa = PBXBuildFile; fileRef = 5F1E523621D77124001954B8 /* HashTagViewController.swift */; };
		5F1E524721D7712A001954B8 /* WalkthroughViewController.swift in Sources */ = {isa = PBXBuildFile; fileRef = 5F1E523721D77125001954B8 /* WalkthroughViewController.swift */; };
		5F1E524821D7712A001954B8 /* WalkthroughContentViewController.swift in Sources */ = {isa = PBXBuildFile; fileRef = 5F1E523821D77125001954B8 /* WalkthroughContentViewController.swift */; };
		5F1E524921D7712A001954B8 /* CameraViewController.swift in Sources */ = {isa = PBXBuildFile; fileRef = 5F1E523921D77126001954B8 /* CameraViewController.swift */; };
		5F1E524A21D7712A001954B8 /* CommentViewController.swift in Sources */ = {isa = PBXBuildFile; fileRef = 5F1E523A21D77126001954B8 /* CommentViewController.swift */; };
		5F1E524B21D7712A001954B8 /* SignInViewController.swift in Sources */ = {isa = PBXBuildFile; fileRef = 5F1E523B21D77126001954B8 /* SignInViewController.swift */; };
		5F1E524C21D7712A001954B8 /* SearchViewController.swift in Sources */ = {isa = PBXBuildFile; fileRef = 5F1E523C21D77127001954B8 /* SearchViewController.swift */; };
		5F1E524D21D7712A001954B8 /* ActivityViewController.swift in Sources */ = {isa = PBXBuildFile; fileRef = 5F1E523D21D77127001954B8 /* ActivityViewController.swift */; };
		5F1E524E21D7712A001954B8 /* ProfileUserViewController.swift in Sources */ = {isa = PBXBuildFile; fileRef = 5F1E523E21D77128001954B8 /* ProfileUserViewController.swift */; };
		5F1E524F21D7712A001954B8 /* DetailViewController.swift in Sources */ = {isa = PBXBuildFile; fileRef = 5F1E523F21D77128001954B8 /* DetailViewController.swift */; };
		5F1E525021D7712A001954B8 /* ProfileViewController.swift in Sources */ = {isa = PBXBuildFile; fileRef = 5F1E524021D77128001954B8 /* ProfileViewController.swift */; };
		5F1E525121D7712A001954B8 /* FilterViewController.swift in Sources */ = {isa = PBXBuildFile; fileRef = 5F1E524121D77129001954B8 /* FilterViewController.swift */; };
		5F1E525221D7712A001954B8 /* SettingTableViewController.swift in Sources */ = {isa = PBXBuildFile; fileRef = 5F1E524221D77129001954B8 /* SettingTableViewController.swift */; };
		5F1E525321D7712A001954B8 /* SignUpViewController.swift in Sources */ = {isa = PBXBuildFile; fileRef = 5F1E524321D77129001954B8 /* SignUpViewController.swift */; };
		5F1E525421D7712A001954B8 /* DiscoverViewController.swift in Sources */ = {isa = PBXBuildFile; fileRef = 5F1E524421D7712A001954B8 /* DiscoverViewController.swift */; };
		5F1E525521D7712A001954B8 /* PeopleViewController.swift in Sources */ = {isa = PBXBuildFile; fileRef = 5F1E524521D7712A001954B8 /* PeopleViewController.swift */; };
		5F1E525721D7713A001954B8 /* HomeViewController.swift in Sources */ = {isa = PBXBuildFile; fileRef = 5F1E525621D7713A001954B8 /* HomeViewController.swift */; };
		5F1E525F21D77153001954B8 /* ActivityTableViewCell.swift in Sources */ = {isa = PBXBuildFile; fileRef = 5F1E525821D77151001954B8 /* ActivityTableViewCell.swift */; };
		5F1E526021D77153001954B8 /* HeaderProfileCollectionReusableView.swift in Sources */ = {isa = PBXBuildFile; fileRef = 5F1E525921D77151001954B8 /* HeaderProfileCollectionReusableView.swift */; };
		5F1E526121D77153001954B8 /* HomeTableViewCell.swift in Sources */ = {isa = PBXBuildFile; fileRef = 5F1E525A21D77152001954B8 /* HomeTableViewCell.swift */; };
		5F1E526221D77153001954B8 /* CommentTableViewCell.swift in Sources */ = {isa = PBXBuildFile; fileRef = 5F1E525B21D77152001954B8 /* CommentTableViewCell.swift */; };
		5F1E526321D77153001954B8 /* FilterCollectionViewCell.swift in Sources */ = {isa = PBXBuildFile; fileRef = 5F1E525C21D77153001954B8 /* FilterCollectionViewCell.swift */; };
		5F1E526421D77153001954B8 /* PhotoCollectionViewCell.swift in Sources */ = {isa = PBXBuildFile; fileRef = 5F1E525D21D77153001954B8 /* PhotoCollectionViewCell.swift */; };
		5F1E526521D77153001954B8 /* PeopleTableViewCell.swift in Sources */ = {isa = PBXBuildFile; fileRef = 5F1E525E21D77153001954B8 /* PeopleTableViewCell.swift */; };
		5F7E9D0121D1E44200828A21 /* AppDelegate.swift in Sources */ = {isa = PBXBuildFile; fileRef = 5F7E9D0021D1E44200828A21 /* AppDelegate.swift */; };
		5F7E9D0821D1E44200828A21 /* Assets.xcassets in Resources */ = {isa = PBXBuildFile; fileRef = 5F7E9D0721D1E44200828A21 /* Assets.xcassets */; };
		5F7E9D0B21D1E44200828A21 /* LaunchScreen.storyboard in Resources */ = {isa = PBXBuildFile; fileRef = 5F7E9D0921D1E44200828A21 /* LaunchScreen.storyboard */; };
		5F7E9D2321D329D100828A21 /* Main.storyboard in Resources */ = {isa = PBXBuildFile; fileRef = 5F7E9D2221D329D100828A21 /* Main.storyboard */; };
		5F7E9D3521D37C0400828A21 /* GoogleService-Info.plist in Resources */ = {isa = PBXBuildFile; fileRef = 5F7E9D3421D37C0400828A21 /* GoogleService-Info.plist */; };
		5F92E87B21D4BA5F0056D5FC /* AuthService.swift in Sources */ = {isa = PBXBuildFile; fileRef = 5F92E87A21D4BA5F0056D5FC /* AuthService.swift */; };
		5F92E87D21D4BD6A0056D5FC /* Config.swift in Sources */ = {isa = PBXBuildFile; fileRef = 5F92E87C21D4BD6A0056D5FC /* Config.swift */; };
		5F92E88221D4BF700056D5FC /* ProgressHUD.bundle in Resources */ = {isa = PBXBuildFile; fileRef = 5F92E87F21D4BF6F0056D5FC /* ProgressHUD.bundle */; };
		5F92E88321D4BF700056D5FC /* ProgressHUD.m in Sources */ = {isa = PBXBuildFile; fileRef = 5F92E88121D4BF6F0056D5FC /* ProgressHUD.m */; };
		5F92E88621D571DA0056D5FC /* Post.swift in Sources */ = {isa = PBXBuildFile; fileRef = 5F92E88521D571DA0056D5FC /* Post.swift */; };
		5F92E88B21D5BB780056D5FC /* User.swift in Sources */ = {isa = PBXBuildFile; fileRef = 5F92E88A21D5BB780056D5FC /* User.swift */; };
		5F92E88D21D5C3330056D5FC /* HelperService.swift in Sources */ = {isa = PBXBuildFile; fileRef = 5F92E88C21D5C3320056D5FC /* HelperService.swift */; };
		5F92E88F21D5C3A10056D5FC /* PostApi.swift in Sources */ = {isa = PBXBuildFile; fileRef = 5F92E88E21D5C3A10056D5FC /* PostApi.swift */; };
		5F92E89121D5C3DF0056D5FC /* UserApi.swift in Sources */ = {isa = PBXBuildFile; fileRef = 5F92E89021D5C3DE0056D5FC /* UserApi.swift */; };
		5F92E89321D5C4070056D5FC /* FollowApi.swift in Sources */ = {isa = PBXBuildFile; fileRef = 5F92E89221D5C4060056D5FC /* FollowApi.swift */; };
		5F92E89521D5C4150056D5FC /* FeedApi.swift in Sources */ = {isa = PBXBuildFile; fileRef = 5F92E89421D5C4140056D5FC /* FeedApi.swift */; };
		5F92E89721D5C45E0056D5FC /* Post_CommentApi.swift in Sources */ = {isa = PBXBuildFile; fileRef = 5F92E89621D5C45E0056D5FC /* Post_CommentApi.swift */; };
		5F92E89921D5C46B0056D5FC /* MyPostsApi.swift in Sources */ = {isa = PBXBuildFile; fileRef = 5F92E89821D5C46B0056D5FC /* MyPostsApi.swift */; };
		5F92E89B21D5C47A0056D5FC /* Api.swift in Sources */ = {isa = PBXBuildFile; fileRef = 5F92E89A21D5C4790056D5FC /* Api.swift */; };
		5F92E89D21D5C4890056D5FC /* CommentApi.swift in Sources */ = {isa = PBXBuildFile; fileRef = 5F92E89C21D5C4890056D5FC /* CommentApi.swift */; };
		5F92E89F21D5C4A40056D5FC /* HashTagApi.swift in Sources */ = {isa = PBXBuildFile; fileRef = 5F92E89E21D5C4A40056D5FC /* HashTagApi.swift */; };
		5F92E8A121D5C4C20056D5FC /* NotificationApi.swift in Sources */ = {isa = PBXBuildFile; fileRef = 5F92E8A021D5C4C20056D5FC /* NotificationApi.swift */; };
		5F92E8AB21D6B9650056D5FC /* Comment.swift in Sources */ = {isa = PBXBuildFile; fileRef = 5F92E8AA21D6B9650056D5FC /* Comment.swift */; };
		5F92E8AD21D733580056D5FC /* Notification.swift in Sources */ = {isa = PBXBuildFile; fileRef = 5F92E8AC21D733580056D5FC /* Notification.swift */; };
/* End PBXBuildFile section */

/* Begin PBXFileReference section */
		50F046CD206B435D30337F73 /* Pods_InstagramClone.framework */ = {isa = PBXFileReference; explicitFileType = wrapper.framework; includeInIndex = 0; path = Pods_InstagramClone.framework; sourceTree = BUILT_PRODUCTS_DIR; };
		5F1E522721D76F4C001954B8 /* KILabel.h */ = {isa = PBXFileReference; fileEncoding = 4; lastKnownFileType = sourcecode.c.h; path = KILabel.h; sourceTree = "<group>"; };
		5F1E522821D76F4D001954B8 /* KILabel.m */ = {isa = PBXFileReference; fileEncoding = 4; lastKnownFileType = sourcecode.c.objc; path = KILabel.m; sourceTree = "<group>"; };
		5F1E522A21D76F8F001954B8 /* Start.storyboard */ = {isa = PBXFileReference; fileEncoding = 4; lastKnownFileType = file.storyboard; path = Start.storyboard; sourceTree = "<group>"; };
		5F1E522C21D76FA4001954B8 /* Profile.storyboard */ = {isa = PBXFileReference; fileEncoding = 4; lastKnownFileType = file.storyboard; path = Profile.storyboard; sourceTree = "<group>"; };
		5F1E522E21D76FC0001954B8 /* Activity.storyboard */ = {isa = PBXFileReference; fileEncoding = 4; lastKnownFileType = file.storyboard; path = Activity.storyboard; sourceTree = "<group>"; };
		5F1E523021D76FDF001954B8 /* Camera.storyboard */ = {isa = PBXFileReference; fileEncoding = 4; lastKnownFileType = file.storyboard; path = Camera.storyboard; sourceTree = "<group>"; };
		5F1E523221D76FF0001954B8 /* Discover.storyboard */ = {isa = PBXFileReference; fileEncoding = 4; lastKnownFileType = file.storyboard; path = Discover.storyboard; sourceTree = "<group>"; };
		5F1E523421D7700B001954B8 /* Home.storyboard */ = {isa = PBXFileReference; fileEncoding = 4; lastKnownFileType = file.storyboard; path = Home.storyboard; sourceTree = "<group>"; };
		5F1E523621D77124001954B8 /* HashTagViewController.swift */ = {isa = PBXFileReference; fileEncoding = 4; lastKnownFileType = sourcecode.swift; path = HashTagViewController.swift; sourceTree = "<group>"; };
		5F1E523721D77125001954B8 /* WalkthroughViewController.swift */ = {isa = PBXFileReference; fileEncoding = 4; lastKnownFileType = sourcecode.swift; path = WalkthroughViewController.swift; sourceTree = "<group>"; };
		5F1E523821D77125001954B8 /* WalkthroughContentViewController.swift */ = {isa = PBXFileReference; fileEncoding = 4; lastKnownFileType = sourcecode.swift; path = WalkthroughContentViewController.swift; sourceTree = "<group>"; };
		5F1E523921D77126001954B8 /* CameraViewController.swift */ = {isa = PBXFileReference; fileEncoding = 4; lastKnownFileType = sourcecode.swift; path = CameraViewController.swift; sourceTree = "<group>"; };
		5F1E523A21D77126001954B8 /* CommentViewController.swift */ = {isa = PBXFileReference; fileEncoding = 4; lastKnownFileType = sourcecode.swift; path = CommentViewController.swift; sourceTree = "<group>"; };
		5F1E523B21D77126001954B8 /* SignInViewController.swift */ = {isa = PBXFileReference; fileEncoding = 4; lastKnownFileType = sourcecode.swift; path = SignInViewController.swift; sourceTree = "<group>"; };
		5F1E523C21D77127001954B8 /* SearchViewController.swift */ = {isa = PBXFileReference; fileEncoding = 4; lastKnownFileType = sourcecode.swift; path = SearchViewController.swift; sourceTree = "<group>"; };
		5F1E523D21D77127001954B8 /* ActivityViewController.swift */ = {isa = PBXFileReference; fileEncoding = 4; lastKnownFileType = sourcecode.swift; path = ActivityViewController.swift; sourceTree = "<group>"; };
		5F1E523E21D77128001954B8 /* ProfileUserViewController.swift */ = {isa = PBXFileReference; fileEncoding = 4; lastKnownFileType = sourcecode.swift; path = ProfileUserViewController.swift; sourceTree = "<group>"; };
		5F1E523F21D77128001954B8 /* DetailViewController.swift */ = {isa = PBXFileReference; fileEncoding = 4; lastKnownFileType = sourcecode.swift; path = DetailViewController.swift; sourceTree = "<group>"; };
		5F1E524021D77128001954B8 /* ProfileViewController.swift */ = {isa = PBXFileReference; fileEncoding = 4; lastKnownFileType = sourcecode.swift; path = ProfileViewController.swift; sourceTree = "<group>"; };
		5F1E524121D77129001954B8 /* FilterViewController.swift */ = {isa = PBXFileReference; fileEncoding = 4; lastKnownFileType = sourcecode.swift; path = FilterViewController.swift; sourceTree = "<group>"; };
		5F1E524221D77129001954B8 /* SettingTableViewController.swift */ = {isa = PBXFileReference; fileEncoding = 4; lastKnownFileType = sourcecode.swift; path = SettingTableViewController.swift; sourceTree = "<group>"; };
		5F1E524321D77129001954B8 /* SignUpViewController.swift */ = {isa = PBXFileReference; fileEncoding = 4; lastKnownFileType = sourcecode.swift; path = SignUpViewController.swift; sourceTree = "<group>"; };
		5F1E524421D7712A001954B8 /* DiscoverViewController.swift */ = {isa = PBXFileReference; fileEncoding = 4; lastKnownFileType = sourcecode.swift; path = DiscoverViewController.swift; sourceTree = "<group>"; };
		5F1E524521D7712A001954B8 /* PeopleViewController.swift */ = {isa = PBXFileReference; fileEncoding = 4; lastKnownFileType = sourcecode.swift; path = PeopleViewController.swift; sourceTree = "<group>"; };
		5F1E525621D7713A001954B8 /* HomeViewController.swift */ = {isa = PBXFileReference; fileEncoding = 4; lastKnownFileType = sourcecode.swift; path = HomeViewController.swift; sourceTree = "<group>"; };
		5F1E525821D77151001954B8 /* ActivityTableViewCell.swift */ = {isa = PBXFileReference; fileEncoding = 4; lastKnownFileType = sourcecode.swift; path = ActivityTableViewCell.swift; sourceTree = "<group>"; };
		5F1E525921D77151001954B8 /* HeaderProfileCollectionReusableView.swift */ = {isa = PBXFileReference; fileEncoding = 4; lastKnownFileType = sourcecode.swift; path = HeaderProfileCollectionReusableView.swift; sourceTree = "<group>"; };
		5F1E525A21D77152001954B8 /* HomeTableViewCell.swift */ = {isa = PBXFileReference; fileEncoding = 4; lastKnownFileType = sourcecode.swift; path = HomeTableViewCell.swift; sourceTree = "<group>"; };
		5F1E525B21D77152001954B8 /* CommentTableViewCell.swift */ = {isa = PBXFileReference; fileEncoding = 4; lastKnownFileType = sourcecode.swift; path = CommentTableViewCell.swift; sourceTree = "<group>"; };
		5F1E525C21D77153001954B8 /* FilterCollectionViewCell.swift */ = {isa = PBXFileReference; fileEncoding = 4; lastKnownFileType = sourcecode.swift; path = FilterCollectionViewCell.swift; sourceTree = "<group>"; };
		5F1E525D21D77153001954B8 /* PhotoCollectionViewCell.swift */ = {isa = PBXFileReference; fileEncoding = 4; lastKnownFileType = sourcecode.swift; path = PhotoCollectionViewCell.swift; sourceTree = "<group>"; };
		5F1E525E21D77153001954B8 /* PeopleTableViewCell.swift */ = {isa = PBXFileReference; fileEncoding = 4; lastKnownFileType = sourcecode.swift; path = PeopleTableViewCell.swift; sourceTree = "<group>"; };
		5F7E9CFD21D1E44200828A21 /* InstagramClone.app */ = {isa = PBXFileReference; explicitFileType = wrapper.application; includeInIndex = 0; path = InstagramClone.app; sourceTree = BUILT_PRODUCTS_DIR; };
		5F7E9D0021D1E44200828A21 /* AppDelegate.swift */ = {isa = PBXFileReference; lastKnownFileType = sourcecode.swift; path = AppDelegate.swift; sourceTree = "<group>"; };
		5F7E9D0721D1E44200828A21 /* Assets.xcassets */ = {isa = PBXFileReference; lastKnownFileType = folder.assetcatalog; path = Assets.xcassets; sourceTree = "<group>"; };
		5F7E9D0A21D1E44200828A21 /* Base */ = {isa = PBXFileReference; lastKnownFileType = file.storyboard; name = Base; path = Base.lproj/LaunchScreen.storyboard; sourceTree = "<group>"; };
		5F7E9D0C21D1E44200828A21 /* Info.plist */ = {isa = PBXFileReference; lastKnownFileType = text.plist.xml; path = Info.plist; sourceTree = "<group>"; };
		5F7E9D2221D329D100828A21 /* Main.storyboard */ = {isa = PBXFileReference; fileEncoding = 4; lastKnownFileType = file.storyboard; path = Main.storyboard; sourceTree = "<group>"; };
		5F7E9D3421D37C0400828A21 /* GoogleService-Info.plist */ = {isa = PBXFileReference; fileEncoding = 4; lastKnownFileType = text.plist.xml; path = "GoogleService-Info.plist"; sourceTree = "<group>"; };
		5F92E87A21D4BA5F0056D5FC /* AuthService.swift */ = {isa = PBXFileReference; lastKnownFileType = sourcecode.swift; path = AuthService.swift; sourceTree = "<group>"; };
		5F92E87C21D4BD6A0056D5FC /* Config.swift */ = {isa = PBXFileReference; lastKnownFileType = sourcecode.swift; path = Config.swift; sourceTree = "<group>"; };
		5F92E87E21D4BF6D0056D5FC /* InstagramClone-Bridging-Header.h */ = {isa = PBXFileReference; lastKnownFileType = sourcecode.c.h; path = "InstagramClone-Bridging-Header.h"; sourceTree = "<group>"; };
		5F92E87F21D4BF6F0056D5FC /* ProgressHUD.bundle */ = {isa = PBXFileReference; lastKnownFileType = "wrapper.plug-in"; path = ProgressHUD.bundle; sourceTree = "<group>"; };
		5F92E88021D4BF6F0056D5FC /* ProgressHUD.h */ = {isa = PBXFileReference; fileEncoding = 4; lastKnownFileType = sourcecode.c.h; path = ProgressHUD.h; sourceTree = "<group>"; };
		5F92E88121D4BF6F0056D5FC /* ProgressHUD.m */ = {isa = PBXFileReference; fileEncoding = 4; lastKnownFileType = sourcecode.c.objc; path = ProgressHUD.m; sourceTree = "<group>"; };
		5F92E88521D571DA0056D5FC /* Post.swift */ = {isa = PBXFileReference; lastKnownFileType = sourcecode.swift; path = Post.swift; sourceTree = "<group>"; };
		5F92E88A21D5BB780056D5FC /* User.swift */ = {isa = PBXFileReference; lastKnownFileType = sourcecode.swift; path = User.swift; sourceTree = "<group>"; };
		5F92E88C21D5C3320056D5FC /* HelperService.swift */ = {isa = PBXFileReference; fileEncoding = 4; lastKnownFileType = sourcecode.swift; path = HelperService.swift; sourceTree = "<group>"; };
		5F92E88E21D5C3A10056D5FC /* PostApi.swift */ = {isa = PBXFileReference; fileEncoding = 4; lastKnownFileType = sourcecode.swift; path = PostApi.swift; sourceTree = "<group>"; };
		5F92E89021D5C3DE0056D5FC /* UserApi.swift */ = {isa = PBXFileReference; fileEncoding = 4; lastKnownFileType = sourcecode.swift; path = UserApi.swift; sourceTree = "<group>"; };
		5F92E89221D5C4060056D5FC /* FollowApi.swift */ = {isa = PBXFileReference; fileEncoding = 4; lastKnownFileType = sourcecode.swift; path = FollowApi.swift; sourceTree = "<group>"; };
		5F92E89421D5C4140056D5FC /* FeedApi.swift */ = {isa = PBXFileReference; fileEncoding = 4; lastKnownFileType = sourcecode.swift; path = FeedApi.swift; sourceTree = "<group>"; };
		5F92E89621D5C45E0056D5FC /* Post_CommentApi.swift */ = {isa = PBXFileReference; fileEncoding = 4; lastKnownFileType = sourcecode.swift; path = Post_CommentApi.swift; sourceTree = "<group>"; };
		5F92E89821D5C46B0056D5FC /* MyPostsApi.swift */ = {isa = PBXFileReference; fileEncoding = 4; lastKnownFileType = sourcecode.swift; path = MyPostsApi.swift; sourceTree = "<group>"; };
		5F92E89A21D5C4790056D5FC /* Api.swift */ = {isa = PBXFileReference; fileEncoding = 4; lastKnownFileType = sourcecode.swift; path = Api.swift; sourceTree = "<group>"; };
		5F92E89C21D5C4890056D5FC /* CommentApi.swift */ = {isa = PBXFileReference; fileEncoding = 4; lastKnownFileType = sourcecode.swift; path = CommentApi.swift; sourceTree = "<group>"; };
		5F92E89E21D5C4A40056D5FC /* HashTagApi.swift */ = {isa = PBXFileReference; fileEncoding = 4; lastKnownFileType = sourcecode.swift; path = HashTagApi.swift; sourceTree = "<group>"; };
		5F92E8A021D5C4C20056D5FC /* NotificationApi.swift */ = {isa = PBXFileReference; fileEncoding = 4; lastKnownFileType = sourcecode.swift; path = NotificationApi.swift; sourceTree = "<group>"; };
		5F92E8AA21D6B9650056D5FC /* Comment.swift */ = {isa = PBXFileReference; lastKnownFileType = sourcecode.swift; path = Comment.swift; sourceTree = "<group>"; };
		5F92E8AC21D733580056D5FC /* Notification.swift */ = {isa = PBXFileReference; fileEncoding = 4; lastKnownFileType = sourcecode.swift; path = Notification.swift; sourceTree = "<group>"; };
		7059557F2F604F8DA941FABD /* Pods-InstagramClone.debug.xcconfig */ = {isa = PBXFileReference; includeInIndex = 1; lastKnownFileType = text.xcconfig; name = "Pods-InstagramClone.debug.xcconfig"; path = "Pods/Target Support Files/Pods-InstagramClone/Pods-InstagramClone.debug.xcconfig"; sourceTree = "<group>"; };
		E4ACD4B683A73E5A9DB3FD5C /* Pods-InstagramClone.release.xcconfig */ = {isa = PBXFileReference; includeInIndex = 1; lastKnownFileType = text.xcconfig; name = "Pods-InstagramClone.release.xcconfig"; path = "Pods/Target Support Files/Pods-InstagramClone/Pods-InstagramClone.release.xcconfig"; sourceTree = "<group>"; };
/* End PBXFileReference section */

/* Begin PBXFrameworksBuildPhase section */
		5F7E9CFA21D1E44200828A21 /* Frameworks */ = {
			isa = PBXFrameworksBuildPhase;
			buildActionMask = 2147483647;
			files = (
				24BE1032D592538A8330E303 /* Pods_InstagramClone.framework in Frameworks */,
			);
			runOnlyForDeploymentPostprocessing = 0;
		};
/* End PBXFrameworksBuildPhase section */

/* Begin PBXGroup section */
		3299211E6DB400E6793E33B6 /* Pods */ = {
			isa = PBXGroup;
			children = (
				7059557F2F604F8DA941FABD /* Pods-InstagramClone.debug.xcconfig */,
				E4ACD4B683A73E5A9DB3FD5C /* Pods-InstagramClone.release.xcconfig */,
			);
			name = Pods;
			sourceTree = "<group>";
		};
		5F7E9CF421D1E44200828A21 = {
			isa = PBXGroup;
			children = (
				5F7E9CFF21D1E44200828A21 /* InstagramClone */,
				5F7E9CFE21D1E44200828A21 /* Products */,
				3299211E6DB400E6793E33B6 /* Pods */,
				6B5C84D48CD69DCE2376E41A /* Frameworks */,
			);
			sourceTree = "<group>";
		};
		5F7E9CFE21D1E44200828A21 /* Products */ = {
			isa = PBXGroup;
			children = (
				5F7E9CFD21D1E44200828A21 /* InstagramClone.app */,
			);
			name = Products;
			sourceTree = "<group>";
		};
		5F7E9CFF21D1E44200828A21 /* InstagramClone */ = {
			isa = PBXGroup;
			children = (
				5F7E9D0021D1E44200828A21 /* AppDelegate.swift */,
				5F92E87A21D4BA5F0056D5FC /* AuthService.swift */,
				5F92E88C21D5C3320056D5FC /* HelperService.swift */,
				5F92E88E21D5C3A10056D5FC /* PostApi.swift */,
				5F92E89221D5C4060056D5FC /* FollowApi.swift */,
				5F92E8A021D5C4C20056D5FC /* NotificationApi.swift */,
				5F92E89421D5C4140056D5FC /* FeedApi.swift */,
				5F92E89621D5C45E0056D5FC /* Post_CommentApi.swift */,
				5F92E89021D5C3DE0056D5FC /* UserApi.swift */,
				5F92E89A21D5C4790056D5FC /* Api.swift */,
				5F92E89C21D5C4890056D5FC /* CommentApi.swift */,
				5F92E89821D5C46B0056D5FC /* MyPostsApi.swift */,
				5F92E89E21D5C4A40056D5FC /* HashTagApi.swift */,
				5F92E87C21D4BD6A0056D5FC /* Config.swift */,
				5F92E88921D5AC3F0056D5FC /* Views */,
				5F92E88421D571B60056D5FC /* Model */,
				5F7E9D3321D36DD700828A21 /* ViewControllers */,
				5F7E9D3221D36DAC00828A21 /* Storyboards */,
				5F7E9D0721D1E44200828A21 /* Assets.xcassets */,
				5F7E9D0921D1E44200828A21 /* LaunchScreen.storyboard */,
				5F7E9D3421D37C0400828A21 /* GoogleService-Info.plist */,
				5F7E9D0C21D1E44200828A21 /* Info.plist */,
				5F92E87F21D4BF6F0056D5FC /* ProgressHUD.bundle */,
				5F92E88021D4BF6F0056D5FC /* ProgressHUD.h */,
				5F92E88121D4BF6F0056D5FC /* ProgressHUD.m */,
				5F92E87E21D4BF6D0056D5FC /* InstagramClone-Bridging-Header.h */,
			);
			path = InstagramClone;
			sourceTree = "<group>";
		};
		5F7E9D3221D36DAC00828A21 /* Storyboards */ = {
			isa = PBXGroup;
			children = (
				5F7E9D2221D329D100828A21 /* Main.storyboard */,
				5F1E522A21D76F8F001954B8 /* Start.storyboard */,
				5F1E522C21D76FA4001954B8 /* Profile.storyboard */,
				5F1E522E21D76FC0001954B8 /* Activity.storyboard */,
				5F1E523021D76FDF001954B8 /* Camera.storyboard */,
				5F1E523221D76FF0001954B8 /* Discover.storyboard */,
				5F1E523421D7700B001954B8 /* Home.storyboard */,
			);
			path = Storyboards;
			sourceTree = "<group>";
		};
		5F7E9D3321D36DD700828A21 /* ViewControllers */ = {
			isa = PBXGroup;
			children = (
				5F1E523D21D77127001954B8 /* ActivityViewController.swift */,
				5F1E523921D77126001954B8 /* CameraViewController.swift */,
				5F1E523A21D77126001954B8 /* CommentViewController.swift */,
				5F1E523F21D77128001954B8 /* DetailViewController.swift */,
				5F1E525621D7713A001954B8 /* HomeViewController.swift */,
				5F1E524421D7712A001954B8 /* DiscoverViewController.swift */,
				5F1E524121D77129001954B8 /* FilterViewController.swift */,
				5F1E523621D77124001954B8 /* HashTagViewController.swift */,
				5F1E524521D7712A001954B8 /* PeopleViewController.swift */,
				5F1E523E21D77128001954B8 /* ProfileUserViewController.swift */,
				5F1E524021D77128001954B8 /* ProfileViewController.swift */,
				5F1E523C21D77127001954B8 /* SearchViewController.swift */,
				5F1E524221D77129001954B8 /* SettingTableViewController.swift */,
				5F1E523B21D77126001954B8 /* SignInViewController.swift */,
				5F1E524321D77129001954B8 /* SignUpViewController.swift */,
				5F1E523821D77125001954B8 /* WalkthroughContentViewController.swift */,
				5F1E523721D77125001954B8 /* WalkthroughViewController.swift */,
			);
			path = ViewControllers;
			sourceTree = "<group>";
		};
		5F92E88421D571B60056D5FC /* Model */ = {
			isa = PBXGroup;
			children = (
				5F92E88521D571DA0056D5FC /* Post.swift */,
				5F92E88A21D5BB780056D5FC /* User.swift */,
				5F92E8AA21D6B9650056D5FC /* Comment.swift */,
				5F92E8AC21D733580056D5FC /* Notification.swift */,
			);
			path = Model;
			sourceTree = "<group>";
		};
		5F92E88921D5AC3F0056D5FC /* Views */ = {
			isa = PBXGroup;
			children = (
				5F1E525821D77151001954B8 /* ActivityTableViewCell.swift */,
				5F1E525B21D77152001954B8 /* CommentTableViewCell.swift */,
				5F1E525C21D77153001954B8 /* FilterCollectionViewCell.swift */,
				5F1E525921D77151001954B8 /* HeaderProfileCollectionReusableView.swift */,
				5F1E525A21D77152001954B8 /* HomeTableViewCell.swift */,
				5F1E525E21D77153001954B8 /* PeopleTableViewCell.swift */,
				5F1E525D21D77153001954B8 /* PhotoCollectionViewCell.swift */,
			);
			path = Views;
			sourceTree = "<group>";
		};
		6B5C84D48CD69DCE2376E41A /* Frameworks */ = {
			isa = PBXGroup;
			children = (
				5F1E522721D76F4C001954B8 /* KILabel.h */,
				5F1E522821D76F4D001954B8 /* KILabel.m */,
				50F046CD206B435D30337F73 /* Pods_InstagramClone.framework */,
			);
			name = Frameworks;
			sourceTree = "<group>";
		};
/* End PBXGroup section */

/* Begin PBXNativeTarget section */
		5F7E9CFC21D1E44200828A21 /* InstagramClone */ = {
			isa = PBXNativeTarget;
			buildConfigurationList = 5F7E9D0F21D1E44200828A21 /* Build configuration list for PBXNativeTarget "InstagramClone" */;
			buildPhases = (
				0453C6D968EB54F8F0F83222 /* [CP] Check Pods Manifest.lock */,
				5F7E9CF921D1E44200828A21 /* Sources */,
				5F7E9CFA21D1E44200828A21 /* Frameworks */,
				5F7E9CFB21D1E44200828A21 /* Resources */,
				65C38035657CD736DA943603 /* [CP] Embed Pods Frameworks */,
			);
			buildRules = (
			);
			dependencies = (
			);
			name = InstagramClone;
			productName = InstagramClone;
			productReference = 5F7E9CFD21D1E44200828A21 /* InstagramClone.app */;
			productType = "com.apple.product-type.application";
		};
/* End PBXNativeTarget section */

/* Begin PBXProject section */
		5F7E9CF521D1E44200828A21 /* Project object */ = {
			isa = PBXProject;
			attributes = {
				LastSwiftUpdateCheck = 0920;
				LastUpgradeCheck = 0920;
				ORGANIZATIONNAME = "魏振洲";
				TargetAttributes = {
					5F7E9CFC21D1E44200828A21 = {
						CreatedOnToolsVersion = 9.2;
						LastSwiftMigration = 0920;
						ProvisioningStyle = Automatic;
					};
				};
			};
			buildConfigurationList = 5F7E9CF821D1E44200828A21 /* Build configuration list for PBXProject "InstagramClone" */;
			compatibilityVersion = "Xcode 8.0";
			developmentRegion = en;
			hasScannedForEncodings = 0;
			knownRegions = (
				en,
				Base,
			);
			mainGroup = 5F7E9CF421D1E44200828A21;
			productRefGroup = 5F7E9CFE21D1E44200828A21 /* Products */;
			projectDirPath = "";
			projectRoot = "";
			targets = (
				5F7E9CFC21D1E44200828A21 /* InstagramClone */,
			);
		};
/* End PBXProject section */

/* Begin PBXResourcesBuildPhase section */
		5F7E9CFB21D1E44200828A21 /* Resources */ = {
			isa = PBXResourcesBuildPhase;
			buildActionMask = 2147483647;
			files = (
				5F92E88221D4BF700056D5FC /* ProgressHUD.bundle in Resources */,
				5F1E523521D7700B001954B8 /* Home.storyboard in Resources */,
				5F1E522D21D76FA4001954B8 /* Profile.storyboard in Resources */,
				5F7E9D0B21D1E44200828A21 /* LaunchScreen.storyboard in Resources */,
				5F1E523321D76FF0001954B8 /* Discover.storyboard in Resources */,
				5F1E522F21D76FC0001954B8 /* Activity.storyboard in Resources */,
				5F1E522B21D76F8F001954B8 /* Start.storyboard in Resources */,
				5F7E9D0821D1E44200828A21 /* Assets.xcassets in Resources */,
				5F7E9D2321D329D100828A21 /* Main.storyboard in Resources */,
				5F1E523121D76FDF001954B8 /* Camera.storyboard in Resources */,
				5F7E9D3521D37C0400828A21 /* GoogleService-Info.plist in Resources */,
			);
			runOnlyForDeploymentPostprocessing = 0;
		};
/* End PBXResourcesBuildPhase section */

/* Begin PBXShellScriptBuildPhase section */
		0453C6D968EB54F8F0F83222 /* [CP] Check Pods Manifest.lock */ = {
			isa = PBXShellScriptBuildPhase;
			buildActionMask = 2147483647;
			files = (
			);
			inputPaths = (
				"${PODS_PODFILE_DIR_PATH}/Podfile.lock",
				"${PODS_ROOT}/Manifest.lock",
			);
			name = "[CP] Check Pods Manifest.lock";
			outputPaths = (
				"$(DERIVED_FILE_DIR)/Pods-InstagramClone-checkManifestLockResult.txt",
			);
			runOnlyForDeploymentPostprocessing = 0;
			shellPath = /bin/sh;
			shellScript = "diff \"${PODS_PODFILE_DIR_PATH}/Podfile.lock\" \"${PODS_ROOT}/Manifest.lock\" > /dev/null\nif [ $? != 0 ] ; then\n    # print error to STDERR\n    echo \"error: The sandbox is not in sync with the Podfile.lock. Run 'pod install' or update your CocoaPods installation.\" >&2\n    exit 1\nfi\n# This output is used by Xcode 'outputs' to avoid re-running this script phase.\necho \"SUCCESS\" > \"${SCRIPT_OUTPUT_FILE_0}\"\n";
			showEnvVarsInLog = 0;
		};
		65C38035657CD736DA943603 /* [CP] Embed Pods Frameworks */ = {
			isa = PBXShellScriptBuildPhase;
			buildActionMask = 2147483647;
			files = (
			);
			inputPaths = (
				"${SRCROOT}/Pods/Target Support Files/Pods-InstagramClone/Pods-InstagramClone-frameworks.sh",
				"${BUILT_PRODUCTS_DIR}/GTMSessionFetcher/GTMSessionFetcher.framework",
				"${BUILT_PRODUCTS_DIR}/GoogleUtilities/GoogleUtilities.framework",
				"${BUILT_PRODUCTS_DIR}/ImagePicker/ImagePicker.framework",
				"${BUILT_PRODUCTS_DIR}/KILabel/KILabel.framework",
				"${BUILT_PRODUCTS_DIR}/SDWebImage/SDWebImage.framework",
				"${BUILT_PRODUCTS_DIR}/leveldb-library/leveldb.framework",
				"${BUILT_PRODUCTS_DIR}/nanopb/nanopb.framework",
			);
			name = "[CP] Embed Pods Frameworks";
			outputPaths = (
				"${TARGET_BUILD_DIR}/${FRAMEWORKS_FOLDER_PATH}/GTMSessionFetcher.framework",
				"${TARGET_BUILD_DIR}/${FRAMEWORKS_FOLDER_PATH}/GoogleUtilities.framework",
				"${TARGET_BUILD_DIR}/${FRAMEWORKS_FOLDER_PATH}/ImagePicker.framework",
				"${TARGET_BUILD_DIR}/${FRAMEWORKS_FOLDER_PATH}/KILabel.framework",
				"${TARGET_BUILD_DIR}/${FRAMEWORKS_FOLDER_PATH}/SDWebImage.framework",
				"${TARGET_BUILD_DIR}/${FRAMEWORKS_FOLDER_PATH}/leveldb.framework",
				"${TARGET_BUILD_DIR}/${FRAMEWORKS_FOLDER_PATH}/nanopb.framework",
			);
			runOnlyForDeploymentPostprocessing = 0;
			shellPath = /bin/sh;
			shellScript = "\"${SRCROOT}/Pods/Target Support Files/Pods-InstagramClone/Pods-InstagramClone-frameworks.sh\"\n";
			showEnvVarsInLog = 0;
		};
/* End PBXShellScriptBuildPhase section */

/* Begin PBXSourcesBuildPhase section */
		5F7E9CF921D1E44200828A21 /* Sources */ = {
			isa = PBXSourcesBuildPhase;
			buildActionMask = 2147483647;
			files = (
				5F1E524B21D7712A001954B8 /* SignInViewController.swift in Sources */,
				5F92E88D21D5C3330056D5FC /* HelperService.swift in Sources */,
				5F92E8AB21D6B9650056D5FC /* Comment.swift in Sources */,
				5F7E9D0121D1E44200828A21 /* AppDelegate.swift in Sources */,
				5F1E525521D7712A001954B8 /* PeopleViewController.swift in Sources */,
				5F1E525421D7712A001954B8 /* DiscoverViewController.swift in Sources */,
				5F1E526121D77153001954B8 /* HomeTableViewCell.swift in Sources */,
				5F92E88621D571DA0056D5FC /* Post.swift in Sources */,
				5F1E525321D7712A001954B8 /* SignUpViewController.swift in Sources */,
				5F1E525021D7712A001954B8 /* ProfileViewController.swift in Sources */,
				5F92E87B21D4BA5F0056D5FC /* AuthService.swift in Sources */,
				5F1E525721D7713A001954B8 /* HomeViewController.swift in Sources */,
				5F1E524F21D7712A001954B8 /* DetailViewController.swift in Sources */,
				5F1E526021D77153001954B8 /* HeaderProfileCollectionReusableView.swift in Sources */,
				5F92E89521D5C4150056D5FC /* FeedApi.swift in Sources */,
				5F92E89121D5C3DF0056D5FC /* UserApi.swift in Sources */,
				5F1E524A21D7712A001954B8 /* CommentViewController.swift in Sources */,
				5F92E89921D5C46B0056D5FC /* MyPostsApi.swift in Sources */,
				5F1E525F21D77153001954B8 /* ActivityTableViewCell.swift in Sources */,
				5F1E524721D7712A001954B8 /* WalkthroughViewController.swift in Sources */,
				5F1E526521D77153001954B8 /* PeopleTableViewCell.swift in Sources */,
				5F1E525221D7712A001954B8 /* SettingTableViewController.swift in Sources */,
				5F92E88B21D5BB780056D5FC /* User.swift in Sources */,
				5F1E524D21D7712A001954B8 /* ActivityViewController.swift in Sources */,
				5F92E89721D5C45E0056D5FC /* Post_CommentApi.swift in Sources */,
				5F92E88F21D5C3A10056D5FC /* PostApi.swift in Sources */,
				5F1E526221D77153001954B8 /* CommentTableViewCell.swift in Sources */,
				5F1E524821D7712A001954B8 /* WalkthroughContentViewController.swift in Sources */,
				5F92E89F21D5C4A40056D5FC /* HashTagApi.swift in Sources */,
				5F1E525121D7712A001954B8 /* FilterViewController.swift in Sources */,
				5F1E524621D7712A001954B8 /* HashTagViewController.swift in Sources */,
				5F92E89321D5C4070056D5FC /* FollowApi.swift in Sources */,
				5F1E524921D7712A001954B8 /* CameraViewController.swift in Sources */,
				5F1E522921D76F4D001954B8 /* KILabel.m in Sources */,
				5F92E89D21D5C4890056D5FC /* CommentApi.swift in Sources */,
				5F1E526321D77153001954B8 /* FilterCollectionViewCell.swift in Sources */,
				5F92E89B21D5C47A0056D5FC /* Api.swift in Sources */,
				5F1E524E21D7712A001954B8 /* ProfileUserViewController.swift in Sources */,
				5F92E8AD21D733580056D5FC /* Notification.swift in Sources */,
				5F92E88321D4BF700056D5FC /* ProgressHUD.m in Sources */,
				5F92E87D21D4BD6A0056D5FC /* Config.swift in Sources */,
				5F92E8A121D5C4C20056D5FC /* NotificationApi.swift in Sources */,
				5F1E526421D77153001954B8 /* PhotoCollectionViewCell.swift in Sources */,
				5F1E524C21D7712A001954B8 /* SearchViewController.swift in Sources */,
			);
			runOnlyForDeploymentPostprocessing = 0;
		};
/* End PBXSourcesBuildPhase section */

/* Begin PBXVariantGroup section */
		5F7E9D0921D1E44200828A21 /* LaunchScreen.storyboard */ = {
			isa = PBXVariantGroup;
			children = (
				5F7E9D0A21D1E44200828A21 /* Base */,
			);
			name = LaunchScreen.storyboard;
			sourceTree = "<group>";
		};
/* End PBXVariantGroup section */

/* Begin XCBuildConfiguration section */
		5F7E9D0D21D1E44200828A21 /* Debug */ = {
			isa = XCBuildConfiguration;
			buildSettings = {
				ALWAYS_SEARCH_USER_PATHS = NO;
				CLANG_ANALYZER_NONNULL = YES;
				CLANG_ANALYZER_NUMBER_OBJECT_CONVERSION = YES_AGGRESSIVE;
				CLANG_CXX_LANGUAGE_STANDARD = "gnu++14";
				CLANG_CXX_LIBRARY = "libc++";
				CLANG_ENABLE_MODULES = YES;
				CLANG_ENABLE_OBJC_ARC = YES;
				CLANG_WARN_BLOCK_CAPTURE_AUTORELEASING = YES;
				CLANG_WARN_BOOL_CONVERSION = YES;
				CLANG_WARN_COMMA = YES;
				CLANG_WARN_CONSTANT_CONVERSION = YES;
				CLANG_WARN_DIRECT_OBJC_ISA_USAGE = YES_ERROR;
				CLANG_WARN_DOCUMENTATION_COMMENTS = YES;
				CLANG_WARN_EMPTY_BODY = YES;
				CLANG_WARN_ENUM_CONVERSION = YES;
				CLANG_WARN_INFINITE_RECURSION = YES;
				CLANG_WARN_INT_CONVERSION = YES;
				CLANG_WARN_NON_LITERAL_NULL_CONVERSION = YES;
				CLANG_WARN_OBJC_LITERAL_CONVERSION = YES;
				CLANG_WARN_OBJC_ROOT_CLASS = YES_ERROR;
				CLANG_WARN_RANGE_LOOP_ANALYSIS = YES;
				CLANG_WARN_STRICT_PROTOTYPES = YES;
				CLANG_WARN_SUSPICIOUS_MOVE = YES;
				CLANG_WARN_UNGUARDED_AVAILABILITY = YES_AGGRESSIVE;
				CLANG_WARN_UNREACHABLE_CODE = YES;
				CLANG_WARN__DUPLICATE_METHOD_MATCH = YES;
				CODE_SIGN_IDENTITY = "iPhone Developer";
				COPY_PHASE_STRIP = NO;
				DEBUG_INFORMATION_FORMAT = dwarf;
				ENABLE_STRICT_OBJC_MSGSEND = YES;
				ENABLE_TESTABILITY = YES;
				GCC_C_LANGUAGE_STANDARD = gnu11;
				GCC_DYNAMIC_NO_PIC = NO;
				GCC_NO_COMMON_BLOCKS = YES;
				GCC_OPTIMIZATION_LEVEL = 0;
				GCC_PREPROCESSOR_DEFINITIONS = (
					"DEBUG=1",
					"$(inherited)",
				);
				GCC_WARN_64_TO_32_BIT_CONVERSION = YES;
				GCC_WARN_ABOUT_RETURN_TYPE = YES_ERROR;
				GCC_WARN_UNDECLARED_SELECTOR = YES;
				GCC_WARN_UNINITIALIZED_AUTOS = YES_AGGRESSIVE;
				GCC_WARN_UNUSED_FUNCTION = YES;
				GCC_WARN_UNUSED_VARIABLE = YES;
				IPHONEOS_DEPLOYMENT_TARGET = 11.2;
				MTL_ENABLE_DEBUG_INFO = YES;
				ONLY_ACTIVE_ARCH = YES;
				SDKROOT = iphoneos;
				SWIFT_ACTIVE_COMPILATION_CONDITIONS = DEBUG;
				SWIFT_OPTIMIZATION_LEVEL = "-Onone";
			};
			name = Debug;
		};
		5F7E9D0E21D1E44200828A21 /* Release */ = {
			isa = XCBuildConfiguration;
			buildSettings = {
				ALWAYS_SEARCH_USER_PATHS = NO;
				CLANG_ANALYZER_NONNULL = YES;
				CLANG_ANALYZER_NUMBER_OBJECT_CONVERSION = YES_AGGRESSIVE;
				CLANG_CXX_LANGUAGE_STANDARD = "gnu++14";
				CLANG_CXX_LIBRARY = "libc++";
				CLANG_ENABLE_MODULES = YES;
				CLANG_ENABLE_OBJC_ARC = YES;
				CLANG_WARN_BLOCK_CAPTURE_AUTORELEASING = YES;
				CLANG_WARN_BOOL_CONVERSION = YES;
				CLANG_WARN_COMMA = YES;
				CLANG_WARN_CONSTANT_CONVERSION = YES;
				CLANG_WARN_DIRECT_OBJC_ISA_USAGE = YES_ERROR;
				CLANG_WARN_DOCUMENTATION_COMMENTS = YES;
				CLANG_WARN_EMPTY_BODY = YES;
				CLANG_WARN_ENUM_CONVERSION = YES;
				CLANG_WARN_INFINITE_RECURSION = YES;
				CLANG_WARN_INT_CONVERSION = YES;
				CLANG_WARN_NON_LITERAL_NULL_CONVERSION = YES;
				CLANG_WARN_OBJC_LITERAL_CONVERSION = YES;
				CLANG_WARN_OBJC_ROOT_CLASS = YES_ERROR;
				CLANG_WARN_RANGE_LOOP_ANALYSIS = YES;
				CLANG_WARN_STRICT_PROTOTYPES = YES;
				CLANG_WARN_SUSPICIOUS_MOVE = YES;
				CLANG_WARN_UNGUARDED_AVAILABILITY = YES_AGGRESSIVE;
				CLANG_WARN_UNREACHABLE_CODE = YES;
				CLANG_WARN__DUPLICATE_METHOD_MATCH = YES;
				CODE_SIGN_IDENTITY = "iPhone Developer";
				COPY_PHASE_STRIP = NO;
				DEBUG_INFORMATION_FORMAT = "dwarf-with-dsym";
				ENABLE_NS_ASSERTIONS = NO;
				ENABLE_STRICT_OBJC_MSGSEND = YES;
				GCC_C_LANGUAGE_STANDARD = gnu11;
				GCC_NO_COMMON_BLOCKS = YES;
				GCC_WARN_64_TO_32_BIT_CONVERSION = YES;
				GCC_WARN_ABOUT_RETURN_TYPE = YES_ERROR;
				GCC_WARN_UNDECLARED_SELECTOR = YES;
				GCC_WARN_UNINITIALIZED_AUTOS = YES_AGGRESSIVE;
				GCC_WARN_UNUSED_FUNCTION = YES;
				GCC_WARN_UNUSED_VARIABLE = YES;
				IPHONEOS_DEPLOYMENT_TARGET = 11.2;
				MTL_ENABLE_DEBUG_INFO = NO;
				SDKROOT = iphoneos;
				SWIFT_OPTIMIZATION_LEVEL = "-Owholemodule";
				VALIDATE_PRODUCT = YES;
			};
			name = Release;
		};
		5F7E9D1021D1E44200828A21 /* Debug */ = {
			isa = XCBuildConfiguration;
			baseConfigurationReference = 7059557F2F604F8DA941FABD /* Pods-InstagramClone.debug.xcconfig */;
			buildSettings = {
				ASSETCATALOG_COMPILER_APPICON_NAME = AppIcon;
				CLANG_ENABLE_MODULES = YES;
				CODE_SIGN_STYLE = Automatic;
				INFOPLIST_FILE = InstagramClone/Info.plist;
				LD_RUNPATH_SEARCH_PATHS = "$(inherited) @executable_path/Frameworks";
				PRODUCT_BUNDLE_IDENTIFIER = "Violet-Wei.InstagramClone";
				PRODUCT_NAME = "$(TARGET_NAME)";
				SWIFT_OBJC_BRIDGING_HEADER = "InstagramClone/InstagramClone-Bridging-Header.h";
				SWIFT_OPTIMIZATION_LEVEL = "-Onone";
				SWIFT_VERSION = 4.0;
				TARGETED_DEVICE_FAMILY = "1,2";
			};
			name = Debug;
		};
		5F7E9D1121D1E44200828A21 /* Release */ = {
			isa = XCBuildConfiguration;
			baseConfigurationReference = E4ACD4B683A73E5A9DB3FD5C /* Pods-InstagramClone.release.xcconfig */;
			buildSettings = {
				ASSETCATALOG_COMPILER_APPICON_NAME = AppIcon;
				CLANG_ENABLE_MODULES = YES;
				CODE_SIGN_STYLE = Automatic;
				INFOPLIST_FILE = InstagramClone/Info.plist;
				LD_RUNPATH_SEARCH_PATHS = "$(inherited) @executable_path/Frameworks";
				PRODUCT_BUNDLE_IDENTIFIER = "Violet-Wei.InstagramClone";
				PRODUCT_NAME = "$(TARGET_NAME)";
				SWIFT_OBJC_BRIDGING_HEADER = "InstagramClone/InstagramClone-Bridging-Header.h";
				SWIFT_VERSION = 4.0;
				TARGETED_DEVICE_FAMILY = "1,2";
			};
			name = Release;
		};
/* End XCBuildConfiguration section */

/* Begin XCConfigurationList section */
		5F7E9CF821D1E44200828A21 /* Build configuration list for PBXProject "InstagramClone" */ = {
			isa = XCConfigurationList;
			buildConfigurations = (
				5F7E9D0D21D1E44200828A21 /* Debug */,
				5F7E9D0E21D1E44200828A21 /* Release */,
			);
			defaultConfigurationIsVisible = 0;
			defaultConfigurationName = Release;
		};
		5F7E9D0F21D1E44200828A21 /* Build configuration list for PBXNativeTarget "InstagramClone" */ = {
			isa = XCConfigurationList;
			buildConfigurations = (
				5F7E9D1021D1E44200828A21 /* Debug */,
				5F7E9D1121D1E44200828A21 /* Release */,
			);
			defaultConfigurationIsVisible = 0;
			defaultConfigurationName = Release;
		};
/* End XCConfigurationList section */
	};
	rootObject = 5F7E9CF521D1E44200828A21 /* Project object */;
}
